// !$*UTF8*$!
{
	archiveVersion = 1;
	classes = {
	};
	objectVersion = 50;
	objects = {

/* Begin PBXBuildFile section */
		40B451F5269CB8B600934D06 /* LearningApp.swift in Sources */ = {isa = PBXBuildFile; fileRef = 40B451F4269CB8B600934D06 /* LearningApp.swift */; };
		40B451F7269CB8B600934D06 /* HomeView.swift in Sources */ = {isa = PBXBuildFile; fileRef = 40B451F6269CB8B600934D06 /* HomeView.swift */; };
		40B451F9269CB8C000934D06 /* Assets.xcassets in Resources */ = {isa = PBXBuildFile; fileRef = 40B451F8269CB8C000934D06 /* Assets.xcassets */; };
		40B451FC269CB8C000934D06 /* Preview Assets.xcassets in Resources */ = {isa = PBXBuildFile; fileRef = 40B451FB269CB8C000934D06 /* Preview Assets.xcassets */; };
		40B4520C269CB97B00934D06 /* ContentModel.swift in Sources */ = {isa = PBXBuildFile; fileRef = 40B4520B269CB97B00934D06 /* ContentModel.swift */; };
		40B45210269CBED000934D06 /* data.json in Resources */ = {isa = PBXBuildFile; fileRef = 40B4520E269CBED000934D06 /* data.json */; };
		40B45211269CBED000934D06 /* style.html in Resources */ = {isa = PBXBuildFile; fileRef = 40B4520F269CBED000934D06 /* style.html */; };
		40B45214269CC0B200934D06 /* Models.swift in Sources */ = {isa = PBXBuildFile; fileRef = 40B45213269CC0B200934D06 /* Models.swift */; };
		40B45217269E089000934D06 /* HomeViewRow.swift in Sources */ = {isa = PBXBuildFile; fileRef = 40B45216269E089000934D06 /* HomeViewRow.swift */; };
		40B4521A269F547000934D06 /* ContentView.swift in Sources */ = {isa = PBXBuildFile; fileRef = 40B45219269F547000934D06 /* ContentView.swift */; };
		40B4521D269F59FE00934D06 /* ContentViewRow.swift in Sources */ = {isa = PBXBuildFile; fileRef = 40B4521C269F59FE00934D06 /* ContentViewRow.swift */; };
		40B4522026A0936200934D06 /* ContentDetailView.swift in Sources */ = {isa = PBXBuildFile; fileRef = 40B4521F26A0936200934D06 /* ContentDetailView.swift */; };
		40B4522426A0961B00934D06 /* AVKit.framework in Frameworks */ = {isa = PBXBuildFile; fileRef = 40B4522326A0961B00934D06 /* AVKit.framework */; };
		40B4522626A0974800934D06 /* Constants.swift in Sources */ = {isa = PBXBuildFile; fileRef = 40B4522526A0974800934D06 /* Constants.swift */; };
		40B4522926A0B9AE00934D06 /* CodeTextView.swift in Sources */ = {isa = PBXBuildFile; fileRef = 40B4522826A0B9AE00934D06 /* CodeTextView.swift */; };
		40B4522C26A1E0BC00934D06 /* RectangleCard.swift in Sources */ = {isa = PBXBuildFile; fileRef = 40B4522B26A1E0BC00934D06 /* RectangleCard.swift */; };
		40B4522F26A48B8400934D06 /* TestView.swift in Sources */ = {isa = PBXBuildFile; fileRef = 40B4522E26A48B8400934D06 /* TestView.swift */; };
		40B4523326A5F00200934D06 /* TestResultView.swift in Sources */ = {isa = PBXBuildFile; fileRef = 40B4523226A5F00200934D06 /* TestResultView.swift */; };
/* End PBXBuildFile section */

/* Begin PBXFileReference section */
		40B451F1269CB8B600934D06 /* LearningApp.app */ = {isa = PBXFileReference; explicitFileType = wrapper.application; includeInIndex = 0; path = LearningApp.app; sourceTree = BUILT_PRODUCTS_DIR; };
		40B451F4269CB8B600934D06 /* LearningApp.swift */ = {isa = PBXFileReference; lastKnownFileType = sourcecode.swift; path = LearningApp.swift; sourceTree = "<group>"; };
		40B451F6269CB8B600934D06 /* HomeView.swift */ = {isa = PBXFileReference; lastKnownFileType = sourcecode.swift; path = HomeView.swift; sourceTree = "<group>"; };
		40B451F8269CB8C000934D06 /* Assets.xcassets */ = {isa = PBXFileReference; lastKnownFileType = folder.assetcatalog; path = Assets.xcassets; sourceTree = "<group>"; };
		40B451FB269CB8C000934D06 /* Preview Assets.xcassets */ = {isa = PBXFileReference; lastKnownFileType = folder.assetcatalog; path = "Preview Assets.xcassets"; sourceTree = "<group>"; };
		40B451FD269CB8C000934D06 /* Info.plist */ = {isa = PBXFileReference; lastKnownFileType = text.plist.xml; path = Info.plist; sourceTree = "<group>"; };
		40B4520B269CB97B00934D06 /* ContentModel.swift */ = {isa = PBXFileReference; lastKnownFileType = sourcecode.swift; path = ContentModel.swift; sourceTree = "<group>"; };
		40B4520E269CBED000934D06 /* data.json */ = {isa = PBXFileReference; fileEncoding = 4; lastKnownFileType = text.json; path = data.json; sourceTree = "<group>"; };
		40B4520F269CBED000934D06 /* style.html */ = {isa = PBXFileReference; fileEncoding = 4; lastKnownFileType = text.html; path = style.html; sourceTree = "<group>"; };
		40B45213269CC0B200934D06 /* Models.swift */ = {isa = PBXFileReference; lastKnownFileType = sourcecode.swift; path = Models.swift; sourceTree = "<group>"; };
		40B45216269E089000934D06 /* HomeViewRow.swift */ = {isa = PBXFileReference; lastKnownFileType = sourcecode.swift; path = HomeViewRow.swift; sourceTree = "<group>"; };
		40B45219269F547000934D06 /* ContentView.swift */ = {isa = PBXFileReference; lastKnownFileType = sourcecode.swift; path = ContentView.swift; sourceTree = "<group>"; };
		40B4521C269F59FE00934D06 /* ContentViewRow.swift */ = {isa = PBXFileReference; lastKnownFileType = sourcecode.swift; path = ContentViewRow.swift; sourceTree = "<group>"; };
		40B4521F26A0936200934D06 /* ContentDetailView.swift */ = {isa = PBXFileReference; lastKnownFileType = sourcecode.swift; path = ContentDetailView.swift; sourceTree = "<group>"; };
		40B4522326A0961B00934D06 /* AVKit.framework */ = {isa = PBXFileReference; lastKnownFileType = wrapper.framework; name = AVKit.framework; path = System/Library/Frameworks/AVKit.framework; sourceTree = SDKROOT; };
		40B4522526A0974800934D06 /* Constants.swift */ = {isa = PBXFileReference; lastKnownFileType = sourcecode.swift; path = Constants.swift; sourceTree = "<group>"; };
		40B4522826A0B9AE00934D06 /* CodeTextView.swift */ = {isa = PBXFileReference; lastKnownFileType = sourcecode.swift; path = CodeTextView.swift; sourceTree = "<group>"; };
		40B4522B26A1E0BC00934D06 /* RectangleCard.swift */ = {isa = PBXFileReference; lastKnownFileType = sourcecode.swift; path = RectangleCard.swift; sourceTree = "<group>"; };
		40B4522E26A48B8400934D06 /* TestView.swift */ = {isa = PBXFileReference; lastKnownFileType = sourcecode.swift; path = TestView.swift; sourceTree = "<group>"; };
		40B4523226A5F00200934D06 /* TestResultView.swift */ = {isa = PBXFileReference; lastKnownFileType = sourcecode.swift; path = TestResultView.swift; sourceTree = "<group>"; };
/* End PBXFileReference section */

/* Begin PBXFrameworksBuildPhase section */
		40B451EE269CB8B600934D06 /* Frameworks */ = {
			isa = PBXFrameworksBuildPhase;
			buildActionMask = 2147483647;
			files = (
				40B4522426A0961B00934D06 /* AVKit.framework in Frameworks */,
			);
			runOnlyForDeploymentPostprocessing = 0;
		};
/* End PBXFrameworksBuildPhase section */

/* Begin PBXGroup section */
		40B451E8269CB8B600934D06 = {
			isa = PBXGroup;
			children = (
				40B451F3269CB8B600934D06 /* LearningApp */,
				40B451F2269CB8B600934D06 /* Products */,
				40B4522226A0961B00934D06 /* Frameworks */,
			);
			sourceTree = "<group>";
		};
		40B451F2269CB8B600934D06 /* Products */ = {
			isa = PBXGroup;
			children = (
				40B451F1269CB8B600934D06 /* LearningApp.app */,
			);
			name = Products;
			sourceTree = "<group>";
		};
		40B451F3269CB8B600934D06 /* LearningApp */ = {
			isa = PBXGroup;
			children = (
				40B451F4269CB8B600934D06 /* LearningApp.swift */,
				40B45208269CB92D00934D06 /* Models */,
				40B45206269CB91B00934D06 /* Views */,
				40B45207269CB92400934D06 /* ViewModels */,
				40B45209269CB93400934D06 /* Resources */,
				40B4520A269CB93A00934D06 /* Utils */,
				40B451F8269CB8C000934D06 /* Assets.xcassets */,
				40B451FD269CB8C000934D06 /* Info.plist */,
				40B451FA269CB8C000934D06 /* Preview Content */,
			);
			path = LearningApp;
			sourceTree = "<group>";
		};
		40B451FA269CB8C000934D06 /* Preview Content */ = {
			isa = PBXGroup;
			children = (
				40B451FB269CB8C000934D06 /* Preview Assets.xcassets */,
			);
			path = "Preview Content";
			sourceTree = "<group>";
		};
		40B45206269CB91B00934D06 /* Views */ = {
			isa = PBXGroup;
			children = (
				40B451F6269CB8B600934D06 /* HomeView.swift */,
				40B45216269E089000934D06 /* HomeViewRow.swift */,
				40B45219269F547000934D06 /* ContentView.swift */,
				40B4521C269F59FE00934D06 /* ContentViewRow.swift */,
				40B4521F26A0936200934D06 /* ContentDetailView.swift */,
				40B4522E26A48B8400934D06 /* TestView.swift */,
				40B4523226A5F00200934D06 /* TestResultView.swift */,
				40B4522826A0B9AE00934D06 /* CodeTextView.swift */,
				40B4522B26A1E0BC00934D06 /* RectangleCard.swift */,
			);
			path = Views;
			sourceTree = "<group>";
		};
		40B45207269CB92400934D06 /* ViewModels */ = {
			isa = PBXGroup;
			children = (
				40B4520B269CB97B00934D06 /* ContentModel.swift */,
			);
			path = ViewModels;
			sourceTree = "<group>";
		};
		40B45208269CB92D00934D06 /* Models */ = {
			isa = PBXGroup;
			children = (
				40B45213269CC0B200934D06 /* Models.swift */,
			);
			path = Models;
			sourceTree = "<group>";
		};
		40B45209269CB93400934D06 /* Resources */ = {
			isa = PBXGroup;
			children = (
				40B4520E269CBED000934D06 /* data.json */,
				40B4520F269CBED000934D06 /* style.html */,
				40B4522526A0974800934D06 /* Constants.swift */,
			);
			path = Resources;
			sourceTree = "<group>";
		};
		40B4520A269CB93A00934D06 /* Utils */ = {
			isa = PBXGroup;
			children = (
			);
			path = Utils;
			sourceTree = "<group>";
		};
		40B4522226A0961B00934D06 /* Frameworks */ = {
			isa = PBXGroup;
			children = (
				40B4522326A0961B00934D06 /* AVKit.framework */,
			);
			name = Frameworks;
			sourceTree = "<group>";
		};
/* End PBXGroup section */

/* Begin PBXNativeTarget section */
		40B451F0269CB8B600934D06 /* LearningApp */ = {
			isa = PBXNativeTarget;
			buildConfigurationList = 40B45200269CB8C000934D06 /* Build configuration list for PBXNativeTarget "LearningApp" */;
			buildPhases = (
				40B451ED269CB8B600934D06 /* Sources */,
				40B451EE269CB8B600934D06 /* Frameworks */,
				40B451EF269CB8B600934D06 /* Resources */,
			);
			buildRules = (
			);
			dependencies = (
			);
			name = LearningApp;
			productName = LearningApp;
			productReference = 40B451F1269CB8B600934D06 /* LearningApp.app */;
			productType = "com.apple.product-type.application";
		};
/* End PBXNativeTarget section */

/* Begin PBXProject section */
		40B451E9269CB8B600934D06 /* Project object */ = {
			isa = PBXProject;
			attributes = {
				LastSwiftUpdateCheck = 1240;
				LastUpgradeCheck = 1240;
				TargetAttributes = {
					40B451F0269CB8B600934D06 = {
						CreatedOnToolsVersion = 12.4;
					};
				};
			};
			buildConfigurationList = 40B451EC269CB8B600934D06 /* Build configuration list for PBXProject "LearningApp" */;
			compatibilityVersion = "Xcode 9.3";
			developmentRegion = en;
			hasScannedForEncodings = 0;
			knownRegions = (
				en,
				Base,
			);
			mainGroup = 40B451E8269CB8B600934D06;
			productRefGroup = 40B451F2269CB8B600934D06 /* Products */;
			projectDirPath = "";
			projectRoot = "";
			targets = (
				40B451F0269CB8B600934D06 /* LearningApp */,
			);
		};
/* End PBXProject section */

/* Begin PBXResourcesBuildPhase section */
		40B451EF269CB8B600934D06 /* Resources */ = {
			isa = PBXResourcesBuildPhase;
			buildActionMask = 2147483647;
			files = (
				40B451FC269CB8C000934D06 /* Preview Assets.xcassets in Resources */,
				40B45210269CBED000934D06 /* data.json in Resources */,
				40B45211269CBED000934D06 /* style.html in Resources */,
				40B451F9269CB8C000934D06 /* Assets.xcassets in Resources */,
			);
			runOnlyForDeploymentPostprocessing = 0;
		};
/* End PBXResourcesBuildPhase section */

/* Begin PBXSourcesBuildPhase section */
		40B451ED269CB8B600934D06 /* Sources */ = {
			isa = PBXSourcesBuildPhase;
			buildActionMask = 2147483647;
			files = (
				40B4522F26A48B8400934D06 /* TestView.swift in Sources */,
				40B4523326A5F00200934D06 /* TestResultView.swift in Sources */,
				40B451F7269CB8B600934D06 /* HomeView.swift in Sources */,
				40B45217269E089000934D06 /* HomeViewRow.swift in Sources */,
				40B4521A269F547000934D06 /* ContentView.swift in Sources */,
				40B4522026A0936200934D06 /* ContentDetailView.swift in Sources */,
				40B451F5269CB8B600934D06 /* LearningApp.swift in Sources */,
				40B4521D269F59FE00934D06 /* ContentViewRow.swift in Sources */,
				40B4522926A0B9AE00934D06 /* CodeTextView.swift in Sources */,
				40B4520C269CB97B00934D06 /* ContentModel.swift in Sources */,
				40B45214269CC0B200934D06 /* Models.swift in Sources */,
				40B4522C26A1E0BC00934D06 /* RectangleCard.swift in Sources */,
				40B4522626A0974800934D06 /* Constants.swift in Sources */,
			);
			runOnlyForDeploymentPostprocessing = 0;
		};
/* End PBXSourcesBuildPhase section */

/* Begin XCBuildConfiguration section */
		40B451FE269CB8C000934D06 /* Debug */ = {
			isa = XCBuildConfiguration;
			buildSettings = {
				ALWAYS_SEARCH_USER_PATHS = NO;
				CLANG_ANALYZER_NONNULL = YES;
				CLANG_ANALYZER_NUMBER_OBJECT_CONVERSION = YES_AGGRESSIVE;
				CLANG_CXX_LANGUAGE_STANDARD = "gnu++14";
				CLANG_CXX_LIBRARY = "libc++";
				CLANG_ENABLE_MODULES = YES;
				CLANG_ENABLE_OBJC_ARC = YES;
				CLANG_ENABLE_OBJC_WEAK = YES;
				CLANG_WARN_BLOCK_CAPTURE_AUTORELEASING = YES;
				CLANG_WARN_BOOL_CONVERSION = YES;
				CLANG_WARN_COMMA = YES;
				CLANG_WARN_CONSTANT_CONVERSION = YES;
				CLANG_WARN_DEPRECATED_OBJC_IMPLEMENTATIONS = YES;
				CLANG_WARN_DIRECT_OBJC_ISA_USAGE = YES_ERROR;
				CLANG_WARN_DOCUMENTATION_COMMENTS = YES;
				CLANG_WARN_EMPTY_BODY = YES;
				CLANG_WARN_ENUM_CONVERSION = YES;
				CLANG_WARN_INFINITE_RECURSION = YES;
				CLANG_WARN_INT_CONVERSION = YES;
				CLANG_WARN_NON_LITERAL_NULL_CONVERSION = YES;
				CLANG_WARN_OBJC_IMPLICIT_RETAIN_SELF = YES;
				CLANG_WARN_OBJC_LITERAL_CONVERSION = YES;
				CLANG_WARN_OBJC_ROOT_CLASS = YES_ERROR;
				CLANG_WARN_QUOTED_INCLUDE_IN_FRAMEWORK_HEADER = YES;
				CLANG_WARN_RANGE_LOOP_ANALYSIS = YES;
				CLANG_WARN_STRICT_PROTOTYPES = YES;
				CLANG_WARN_SUSPICIOUS_MOVE = YES;
				CLANG_WARN_UNGUARDED_AVAILABILITY = YES_AGGRESSIVE;
				CLANG_WARN_UNREACHABLE_CODE = YES;
				CLANG_WARN__DUPLICATE_METHOD_MATCH = YES;
				COPY_PHASE_STRIP = NO;
				DEBUG_INFORMATION_FORMAT = dwarf;
				ENABLE_STRICT_OBJC_MSGSEND = YES;
				ENABLE_TESTABILITY = YES;
				GCC_C_LANGUAGE_STANDARD = gnu11;
				GCC_DYNAMIC_NO_PIC = NO;
				GCC_NO_COMMON_BLOCKS = YES;
				GCC_OPTIMIZATION_LEVEL = 0;
				GCC_PREPROCESSOR_DEFINITIONS = (
					"DEBUG=1",
					"$(inherited)",
				);
				GCC_WARN_64_TO_32_BIT_CONVERSION = YES;
				GCC_WARN_ABOUT_RETURN_TYPE = YES_ERROR;
				GCC_WARN_UNDECLARED_SELECTOR = YES;
				GCC_WARN_UNINITIALIZED_AUTOS = YES_AGGRESSIVE;
				GCC_WARN_UNUSED_FUNCTION = YES;
				GCC_WARN_UNUSED_VARIABLE = YES;
				IPHONEOS_DEPLOYMENT_TARGET = 14.4;
				MTL_ENABLE_DEBUG_INFO = INCLUDE_SOURCE;
				MTL_FAST_MATH = YES;
				ONLY_ACTIVE_ARCH = YES;
				SDKROOT = iphoneos;
				SWIFT_ACTIVE_COMPILATION_CONDITIONS = DEBUG;
				SWIFT_OPTIMIZATION_LEVEL = "-Onone";
			};
			name = Debug;
		};
		40B451FF269CB8C000934D06 /* Release */ = {
			isa = XCBuildConfiguration;
			buildSettings = {
				ALWAYS_SEARCH_USER_PATHS = NO;
				CLANG_ANALYZER_NONNULL = YES;
				CLANG_ANALYZER_NUMBER_OBJECT_CONVERSION = YES_AGGRESSIVE;
				CLANG_CXX_LANGUAGE_STANDARD = "gnu++14";
				CLANG_CXX_LIBRARY = "libc++";
				CLANG_ENABLE_MODULES = YES;
				CLANG_ENABLE_OBJC_ARC = YES;
				CLANG_ENABLE_OBJC_WEAK = YES;
				CLANG_WARN_BLOCK_CAPTURE_AUTORELEASING = YES;
				CLANG_WARN_BOOL_CONVERSION = YES;
				CLANG_WARN_COMMA = YES;
				CLANG_WARN_CONSTANT_CONVERSION = YES;
				CLANG_WARN_DEPRECATED_OBJC_IMPLEMENTATIONS = YES;
				CLANG_WARN_DIRECT_OBJC_ISA_USAGE = YES_ERROR;
				CLANG_WARN_DOCUMENTATION_COMMENTS = YES;
				CLANG_WARN_EMPTY_BODY = YES;
				CLANG_WARN_ENUM_CONVERSION = YES;
				CLANG_WARN_INFINITE_RECURSION = YES;
				CLANG_WARN_INT_CONVERSION = YES;
				CLANG_WARN_NON_LITERAL_NULL_CONVERSION = YES;
				CLANG_WARN_OBJC_IMPLICIT_RETAIN_SELF = YES;
				CLANG_WARN_OBJC_LITERAL_CONVERSION = YES;
				CLANG_WARN_OBJC_ROOT_CLASS = YES_ERROR;
				CLANG_WARN_QUOTED_INCLUDE_IN_FRAMEWORK_HEADER = YES;
				CLANG_WARN_RANGE_LOOP_ANALYSIS = YES;
				CLANG_WARN_STRICT_PROTOTYPES = YES;
				CLANG_WARN_SUSPICIOUS_MOVE = YES;
				CLANG_WARN_UNGUARDED_AVAILABILITY = YES_AGGRESSIVE;
				CLANG_WARN_UNREACHABLE_CODE = YES;
				CLANG_WARN__DUPLICATE_METHOD_MATCH = YES;
				COPY_PHASE_STRIP = NO;
				DEBUG_INFORMATION_FORMAT = "dwarf-with-dsym";
				ENABLE_NS_ASSERTIONS = NO;
				ENABLE_STRICT_OBJC_MSGSEND = YES;
				GCC_C_LANGUAGE_STANDARD = gnu11;
				GCC_NO_COMMON_BLOCKS = YES;
				GCC_WARN_64_TO_32_BIT_CONVERSION = YES;
				GCC_WARN_ABOUT_RETURN_TYPE = YES_ERROR;
				GCC_WARN_UNDECLARED_SELECTOR = YES;
				GCC_WARN_UNINITIALIZED_AUTOS = YES_AGGRESSIVE;
				GCC_WARN_UNUSED_FUNCTION = YES;
				GCC_WARN_UNUSED_VARIABLE = YES;
				IPHONEOS_DEPLOYMENT_TARGET = 14.4;
				MTL_ENABLE_DEBUG_INFO = NO;
				MTL_FAST_MATH = YES;
				SDKROOT = iphoneos;
				SWIFT_COMPILATION_MODE = wholemodule;
				SWIFT_OPTIMIZATION_LEVEL = "-O";
				VALIDATE_PRODUCT = YES;
			};
			name = Release;
		};
		40B45201269CB8C000934D06 /* Debug */ = {
			isa = XCBuildConfiguration;
			buildSettings = {
				ASSETCATALOG_COMPILER_APPICON_NAME = AppIcon;
				ASSETCATALOG_COMPILER_GLOBAL_ACCENT_COLOR_NAME = AccentColor;
				CODE_SIGN_STYLE = Automatic;
				DEVELOPMENT_ASSET_PATHS = "\"LearningApp/Preview Content\"";
				DEVELOPMENT_TEAM = Z66D5V4S92;
				ENABLE_PREVIEWS = YES;
				INFOPLIST_FILE = LearningApp/Info.plist;
				IPHONEOS_DEPLOYMENT_TARGET = 14.0;
				LD_RUNPATH_SEARCH_PATHS = (
					"$(inherited)",
					"@executable_path/Frameworks",
				);
				PRODUCT_BUNDLE_IDENTIFIER = com.BraydonWhitfield.LearningApp;
				PRODUCT_NAME = "$(TARGET_NAME)";
				SWIFT_VERSION = 5.0;
				TARGETED_DEVICE_FAMILY = "1,2";
			};
			name = Debug;
		};
		40B45202269CB8C000934D06 /* Release */ = {
			isa = XCBuildConfiguration;
			buildSettings = {
				ASSETCATALOG_COMPILER_APPICON_NAME = AppIcon;
				ASSETCATALOG_COMPILER_GLOBAL_ACCENT_COLOR_NAME = AccentColor;
				CODE_SIGN_STYLE = Automatic;
				DEVELOPMENT_ASSET_PATHS = "\"LearningApp/Preview Content\"";
				DEVELOPMENT_TEAM = Z66D5V4S92;
				ENABLE_PREVIEWS = YES;
				INFOPLIST_FILE = LearningApp/Info.plist;
				IPHONEOS_DEPLOYMENT_TARGET = 14.0;
				LD_RUNPATH_SEARCH_PATHS = (
					"$(inherited)",
					"@executable_path/Frameworks",
				);
				PRODUCT_BUNDLE_IDENTIFIER = com.BraydonWhitfield.LearningApp;
				PRODUCT_NAME = "$(TARGET_NAME)";
				SWIFT_VERSION = 5.0;
				TARGETED_DEVICE_FAMILY = "1,2";
			};
			name = Release;
		};
/* End XCBuildConfiguration section */

/* Begin XCConfigurationList section */
		40B451EC269CB8B600934D06 /* Build configuration list for PBXProject "LearningApp" */ = {
			isa = XCConfigurationList;
			buildConfigurations = (
				40B451FE269CB8C000934D06 /* Debug */,
				40B451FF269CB8C000934D06 /* Release */,
			);
			defaultConfigurationIsVisible = 0;
			defaultConfigurationName = Release;
		};
		40B45200269CB8C000934D06 /* Build configuration list for PBXNativeTarget "LearningApp" */ = {
			isa = XCConfigurationList;
			buildConfigurations = (
				40B45201269CB8C000934D06 /* Debug */,
				40B45202269CB8C000934D06 /* Release */,
			);
			defaultConfigurationIsVisible = 0;
			defaultConfigurationName = Release;
		};
/* End XCConfigurationList section */
	};
	rootObject = 40B451E9269CB8B600934D06 /* Project object */;
}
